# This file is automatically @generated by Cargo.
# It is not intended for manual editing.
version = 4

[[package]]
name = "autogen"
version = "0.1.0"
dependencies = [
 "spirv-grammar-parser",
]

[[package]]
name = "spirv-grammar"
version = "0.1.0"
dependencies = [
 "spirv-grammar-parser",
]

[[package]]
name = "spirv-grammar-parser"
version = "0.1.0"
